
Microsoft Visual Studio Solution File, Format Version 12.00
# Visual Studio 14
VisualStudioVersion = 14.0.25420.1
MinimumVisualStudioVersion = 10.0.40219.1
Project("{FAE04EC0-301F-11D3-BF4B-00C04F79EFBC}") = "Task01", "HWT_02\Task01.csproj", "{C2E279BD-EB86-4BC5-9BE9-67246F91C1BD}"
EndProject
Project("{FAE04EC0-301F-11D3-BF4B-00C04F79EFBC}") = "Task02", "Task02\Task02.csproj", "{801F5AF3-0C76-4AC6-8250-B2DCC62CD2DD}"
EndProject
Project("{FAE04EC0-301F-11D3-BF4B-00C04F79EFBC}") = "Task03", "Task03\Task03.csproj", "{83C8A3AC-9075-46C3-ACDA-CB3AFA35EDA2}"
EndProject
Project("{FAE04EC0-301F-11D3-BF4B-00C04F79EFBC}") = "Task04", "Task04\Task04.csproj", "{D30F18CD-BA9E-4A31-887B-6082544A316B}"
EndProject
Project("{FAE04EC0-301F-11D3-BF4B-00C04F79EFBC}") = "Task05", "Task05\Task05.csproj", "{EFDDF9E5-4AAD-475D-8676-58F82DAF7182}"
EndProject
Project("{FAE04EC0-301F-11D3-BF4B-00C04F79EFBC}") = "Task06", "Task06\Task06.csproj", "{4B3202D8-8627-4FEF-8530-88DB89AF6D22}"
EndProject
Global
	GlobalSection(SolutionConfigurationPlatforms) = preSolution
		Debug|Any CPU = Debug|Any CPU
		Release|Any CPU = Release|Any CPU
	EndGlobalSection
	GlobalSection(ProjectConfigurationPlatforms) = postSolution
		{C2E279BD-EB86-4BC5-9BE9-67246F91C1BD}.Debug|Any CPU.ActiveCfg = Debug|Any CPU
		{C2E279BD-EB86-4BC5-9BE9-67246F91C1BD}.Debug|Any CPU.Build.0 = Debug|Any CPU
		{C2E279BD-EB86-4BC5-9BE9-67246F91C1BD}.Release|Any CPU.ActiveCfg = Release|Any CPU
		{C2E279BD-EB86-4BC5-9BE9-67246F91C1BD}.Release|Any CPU.Build.0 = Release|Any CPU
		{801F5AF3-0C76-4AC6-8250-B2DCC62CD2DD}.Debug|Any CPU.ActiveCfg = Debug|Any CPU
		{801F5AF3-0C76-4AC6-8250-B2DCC62CD2DD}.Debug|Any CPU.Build.0 = Debug|Any CPU
		{801F5AF3-0C76-4AC6-8250-B2DCC62CD2DD}.Release|Any CPU.ActiveCfg = Release|Any CPU
		{801F5AF3-0C76-4AC6-8250-B2DCC62CD2DD}.Release|Any CPU.Build.0 = Release|Any CPU
		{83C8A3AC-9075-46C3-ACDA-CB3AFA35EDA2}.Debug|Any CPU.ActiveCfg = Debug|Any CPU
		{83C8A3AC-9075-46C3-ACDA-CB3AFA35EDA2}.Debug|Any CPU.Build.0 = Debug|Any CPU
		{83C8A3AC-9075-46C3-ACDA-CB3AFA35EDA2}.Release|Any CPU.ActiveCfg = Release|Any CPU
		{83C8A3AC-9075-46C3-ACDA-CB3AFA35EDA2}.Release|Any CPU.Build.0 = Release|Any CPU
		{D30F18CD-BA9E-4A31-887B-6082544A316B}.Debug|Any CPU.ActiveCfg = Debug|Any CPU
		{D30F18CD-BA9E-4A31-887B-6082544A316B}.Debug|Any CPU.Build.0 = Debug|Any CPU
		{D30F18CD-BA9E-4A31-887B-6082544A316B}.Release|Any CPU.ActiveCfg = Release|Any CPU
		{D30F18CD-BA9E-4A31-887B-6082544A316B}.Release|Any CPU.Build.0 = Release|Any CPU
		{EFDDF9E5-4AAD-475D-8676-58F82DAF7182}.Debug|Any CPU.ActiveCfg = Debug|Any CPU
		{EFDDF9E5-4AAD-475D-8676-58F82DAF7182}.Debug|Any CPU.Build.0 = Debug|Any CPU
		{EFDDF9E5-4AAD-475D-8676-58F82DAF7182}.Release|Any CPU.ActiveCfg = Release|Any CPU
		{EFDDF9E5-4AAD-475D-8676-58F82DAF7182}.Release|Any CPU.Build.0 = Release|Any CPU
		{4B3202D8-8627-4FEF-8530-88DB89AF6D22}.Debug|Any CPU.ActiveCfg = Debug|Any CPU
		{4B3202D8-8627-4FEF-8530-88DB89AF6D22}.Debug|Any CPU.Build.0 = Debug|Any CPU
		{4B3202D8-8627-4FEF-8530-88DB89AF6D22}.Release|Any CPU.ActiveCfg = Release|Any CPU
		{4B3202D8-8627-4FEF-8530-88DB89AF6D22}.Release|Any CPU.Build.0 = Release|Any CPU
	EndGlobalSection
	GlobalSection(SolutionProperties) = preSolution
		HideSolutionNode = FALSE
	EndGlobalSection
EndGlobal
